// !$*UTF8*$!
{
	archiveVersion = 1;
	classes = {
	};
	objectVersion = 56;
	objects = {

/* Begin PBXBuildFile section */
		FEAD600E2B03547800DE1E54 /* Person.swift in Sources */ = {isa = PBXBuildFile; fileRef = FEAD600D2B03547800DE1E54 /* Person.swift */; };
		FEAD60132B03577100DE1E54 /* ScreenTitles.swift in Sources */ = {isa = PBXBuildFile; fileRef = FEAD60122B03577100DE1E54 /* ScreenTitles.swift */; };
		FEAD60152B03583100DE1E54 /* Localizable.xcstrings in Resources */ = {isa = PBXBuildFile; fileRef = FEAD60142B03583100DE1E54 /* Localizable.xcstrings */; };
		FEAD60182B035C0F00DE1E54 /* PersonView.swift in Sources */ = {isa = PBXBuildFile; fileRef = FEAD60172B035C0F00DE1E54 /* PersonView.swift */; };
		FEAD601A2B035F5A00DE1E54 /* AvatarImageShape.swift in Sources */ = {isa = PBXBuildFile; fileRef = FEAD60192B035F5A00DE1E54 /* AvatarImageShape.swift */; };
		FEAD601D2B035FA000DE1E54 /* AvatarImageShapeKey.swift in Sources */ = {isa = PBXBuildFile; fileRef = FEAD601C2B035FA000DE1E54 /* AvatarImageShapeKey.swift */; };
		FEAD60202B035FFD00DE1E54 /* EnvironmentValues+Ext.swift in Sources */ = {isa = PBXBuildFile; fileRef = FEAD601F2B035FFD00DE1E54 /* EnvironmentValues+Ext.swift */; };
		FEAD60222B03606300DE1E54 /* View+Ext.swift in Sources */ = {isa = PBXBuildFile; fileRef = FEAD60212B03606300DE1E54 /* View+Ext.swift */; };
		FEAD60252B036BD900DE1E54 /* MainView.swift in Sources */ = {isa = PBXBuildFile; fileRef = FEAD60242B036BD900DE1E54 /* MainView.swift */; };
		FECCC6BC2B03501B0010769E /* SwiftUIReusableViewApp.swift in Sources */ = {isa = PBXBuildFile; fileRef = FECCC6BB2B03501B0010769E /* SwiftUIReusableViewApp.swift */; };
		FECCC6BE2B03501B0010769E /* PersonListView.swift in Sources */ = {isa = PBXBuildFile; fileRef = FECCC6BD2B03501B0010769E /* PersonListView.swift */; };
		FECCC6C02B03501B0010769E /* Assets.xcassets in Resources */ = {isa = PBXBuildFile; fileRef = FECCC6BF2B03501B0010769E /* Assets.xcassets */; };
		FECCC6C32B03501B0010769E /* Preview Assets.xcassets in Resources */ = {isa = PBXBuildFile; fileRef = FECCC6C22B03501B0010769E /* Preview Assets.xcassets */; };
/* End PBXBuildFile section */

/* Begin PBXFileReference section */
		FEAD600D2B03547800DE1E54 /* Person.swift */ = {isa = PBXFileReference; lastKnownFileType = sourcecode.swift; path = Person.swift; sourceTree = "<group>"; };
		FEAD60122B03577100DE1E54 /* ScreenTitles.swift */ = {isa = PBXFileReference; lastKnownFileType = sourcecode.swift; path = ScreenTitles.swift; sourceTree = "<group>"; };
		FEAD60142B03583100DE1E54 /* Localizable.xcstrings */ = {isa = PBXFileReference; lastKnownFileType = text.json.xcstrings; path = Localizable.xcstrings; sourceTree = "<group>"; };
		FEAD60172B035C0F00DE1E54 /* PersonView.swift */ = {isa = PBXFileReference; lastKnownFileType = sourcecode.swift; path = PersonView.swift; sourceTree = "<group>"; };
		FEAD60192B035F5A00DE1E54 /* AvatarImageShape.swift */ = {isa = PBXFileReference; lastKnownFileType = sourcecode.swift; path = AvatarImageShape.swift; sourceTree = "<group>"; };
		FEAD601C2B035FA000DE1E54 /* AvatarImageShapeKey.swift */ = {isa = PBXFileReference; lastKnownFileType = sourcecode.swift; path = AvatarImageShapeKey.swift; sourceTree = "<group>"; };
		FEAD601F2B035FFD00DE1E54 /* EnvironmentValues+Ext.swift */ = {isa = PBXFileReference; lastKnownFileType = sourcecode.swift; path = "EnvironmentValues+Ext.swift"; sourceTree = "<group>"; };
		FEAD60212B03606300DE1E54 /* View+Ext.swift */ = {isa = PBXFileReference; lastKnownFileType = sourcecode.swift; path = "View+Ext.swift"; sourceTree = "<group>"; };
		FEAD60242B036BD900DE1E54 /* MainView.swift */ = {isa = PBXFileReference; lastKnownFileType = sourcecode.swift; path = MainView.swift; sourceTree = "<group>"; };
		FECCC6B82B03501B0010769E /* SwiftUIReusableView.app */ = {isa = PBXFileReference; explicitFileType = wrapper.application; includeInIndex = 0; path = SwiftUIReusableView.app; sourceTree = BUILT_PRODUCTS_DIR; };
		FECCC6BB2B03501B0010769E /* SwiftUIReusableViewApp.swift */ = {isa = PBXFileReference; lastKnownFileType = sourcecode.swift; path = SwiftUIReusableViewApp.swift; sourceTree = "<group>"; };
		FECCC6BD2B03501B0010769E /* PersonListView.swift */ = {isa = PBXFileReference; lastKnownFileType = sourcecode.swift; path = PersonListView.swift; sourceTree = "<group>"; };
		FECCC6BF2B03501B0010769E /* Assets.xcassets */ = {isa = PBXFileReference; lastKnownFileType = folder.assetcatalog; path = Assets.xcassets; sourceTree = "<group>"; };
		FECCC6C22B03501B0010769E /* Preview Assets.xcassets */ = {isa = PBXFileReference; lastKnownFileType = folder.assetcatalog; path = "Preview Assets.xcassets"; sourceTree = "<group>"; };
/* End PBXFileReference section */

/* Begin PBXFrameworksBuildPhase section */
		FECCC6B52B03501B0010769E /* Frameworks */ = {
			isa = PBXFrameworksBuildPhase;
			buildActionMask = 2147483647;
			files = (
			);
			runOnlyForDeploymentPostprocessing = 0;
		};
/* End PBXFrameworksBuildPhase section */

/* Begin PBXGroup section */
		FEAD60082B03538400DE1E54 /* App */ = {
			isa = PBXGroup;
			children = (
				FECCC6BB2B03501B0010769E /* SwiftUIReusableViewApp.swift */,
			);
			path = App;
			sourceTree = "<group>";
		};
		FEAD60092B03539200DE1E54 /* Presentation */ = {
			isa = PBXGroup;
			children = (
				FEAD60232B036BCD00DE1E54 /* MainView */,
				FEAD600F2B03557B00DE1E54 /* PersonList */,
			);
			path = Presentation;
			sourceTree = "<group>";
		};
		FEAD600A2B0353C400DE1E54 /* Business Logic */ = {
			isa = PBXGroup;
			children = (
				FEAD600B2B0353DD00DE1E54 /* Models */,
			);
			path = "Business Logic";
			sourceTree = "<group>";
		};
		FEAD600B2B0353DD00DE1E54 /* Models */ = {
			isa = PBXGroup;
			children = (
				FEAD60102B03575000DE1E54 /* Enums */,
				FEAD60112B03575800DE1E54 /* Entities */,
			);
			path = Models;
			sourceTree = "<group>";
		};
		FEAD600C2B0353E700DE1E54 /* Core */ = {
			isa = PBXGroup;
			children = (
				FEAD601E2B035FE500DE1E54 /* Extensions */,
				FEAD601B2B035F8B00DE1E54 /* EnvironmentKeys */,
			);
			path = Core;
			sourceTree = "<group>";
		};
		FEAD600F2B03557B00DE1E54 /* PersonList */ = {
			isa = PBXGroup;
			children = (
				FECCC6BD2B03501B0010769E /* PersonListView.swift */,
				FEAD60172B035C0F00DE1E54 /* PersonView.swift */,
			);
			path = PersonList;
			sourceTree = "<group>";
		};
		FEAD60102B03575000DE1E54 /* Enums */ = {
			isa = PBXGroup;
			children = (
				FEAD60122B03577100DE1E54 /* ScreenTitles.swift */,
				FEAD60192B035F5A00DE1E54 /* AvatarImageShape.swift */,
			);
			path = Enums;
			sourceTree = "<group>";
		};
		FEAD60112B03575800DE1E54 /* Entities */ = {
			isa = PBXGroup;
			children = (
				FEAD600D2B03547800DE1E54 /* Person.swift */,
			);
			path = Entities;
			sourceTree = "<group>";
		};
		FEAD60162B0358FB00DE1E54 /* Resources */ = {
			isa = PBXGroup;
			children = (
				FEAD60142B03583100DE1E54 /* Localizable.xcstrings */,
				FECCC6BF2B03501B0010769E /* Assets.xcassets */,
			);
			path = Resources;
			sourceTree = "<group>";
		};
		FEAD601B2B035F8B00DE1E54 /* EnvironmentKeys */ = {
			isa = PBXGroup;
			children = (
				FEAD601C2B035FA000DE1E54 /* AvatarImageShapeKey.swift */,
			);
			path = EnvironmentKeys;
			sourceTree = "<group>";
		};
		FEAD601E2B035FE500DE1E54 /* Extensions */ = {
			isa = PBXGroup;
			children = (
				FEAD601F2B035FFD00DE1E54 /* EnvironmentValues+Ext.swift */,
				FEAD60212B03606300DE1E54 /* View+Ext.swift */,
			);
			path = Extensions;
			sourceTree = "<group>";
		};
		FEAD60232B036BCD00DE1E54 /* MainView */ = {
			isa = PBXGroup;
			children = (
				FEAD60242B036BD900DE1E54 /* MainView.swift */,
			);
			path = MainView;
			sourceTree = "<group>";
		};
		FECCC6AF2B03501A0010769E = {
			isa = PBXGroup;
			children = (
				FECCC6BA2B03501B0010769E /* SwiftUIReusableView */,
				FECCC6B92B03501B0010769E /* Products */,
			);
			sourceTree = "<group>";
		};
		FECCC6B92B03501B0010769E /* Products */ = {
			isa = PBXGroup;
			children = (
				FECCC6B82B03501B0010769E /* SwiftUIReusableView.app */,
			);
			name = Products;
			sourceTree = "<group>";
		};
		FECCC6BA2B03501B0010769E /* SwiftUIReusableView */ = {
			isa = PBXGroup;
			children = (
				FEAD60082B03538400DE1E54 /* App */,
				FEAD60092B03539200DE1E54 /* Presentation */,
				FEAD600A2B0353C400DE1E54 /* Business Logic */,
				FEAD600C2B0353E700DE1E54 /* Core */,
				FEAD60162B0358FB00DE1E54 /* Resources */,
				FECCC6C12B03501B0010769E /* Preview Content */,
			);
			path = SwiftUIReusableView;
			sourceTree = "<group>";
		};
		FECCC6C12B03501B0010769E /* Preview Content */ = {
			isa = PBXGroup;
			children = (
				FECCC6C22B03501B0010769E /* Preview Assets.xcassets */,
			);
			path = "Preview Content";
			sourceTree = "<group>";
		};
/* End PBXGroup section */

/* Begin PBXNativeTarget section */
		FECCC6B72B03501B0010769E /* SwiftUIReusableView */ = {
			isa = PBXNativeTarget;
			buildConfigurationList = FECCC6C62B03501B0010769E /* Build configuration list for PBXNativeTarget "SwiftUIReusableView" */;
			buildPhases = (
				FECCC6B42B03501B0010769E /* Sources */,
				FECCC6B52B03501B0010769E /* Frameworks */,
				FECCC6B62B03501B0010769E /* Resources */,
			);
			buildRules = (
			);
			dependencies = (
			);
			name = SwiftUIReusableView;
			productName = SwiftUIReusableView;
			productReference = FECCC6B82B03501B0010769E /* SwiftUIReusableView.app */;
			productType = "com.apple.product-type.application";
		};
/* End PBXNativeTarget section */

/* Begin PBXProject section */
		FECCC6B02B03501A0010769E /* Project object */ = {
			isa = PBXProject;
			attributes = {
				BuildIndependentTargetsInParallel = 1;
				LastSwiftUpdateCheck = 1500;
				LastUpgradeCheck = 1500;
				TargetAttributes = {
					FECCC6B72B03501B0010769E = {
						CreatedOnToolsVersion = 15.0.1;
					};
				};
			};
			buildConfigurationList = FECCC6B32B03501A0010769E /* Build configuration list for PBXProject "SwiftUIReusableView" */;
			compatibilityVersion = "Xcode 14.0";
			developmentRegion = en;
			hasScannedForEncodings = 0;
			knownRegions = (
				en,
				Base,
				ru,
			);
			mainGroup = FECCC6AF2B03501A0010769E;
			productRefGroup = FECCC6B92B03501B0010769E /* Products */;
			projectDirPath = "";
			projectRoot = "";
			targets = (
				FECCC6B72B03501B0010769E /* SwiftUIReusableView */,
			);
		};
/* End PBXProject section */

/* Begin PBXResourcesBuildPhase section */
		FECCC6B62B03501B0010769E /* Resources */ = {
			isa = PBXResourcesBuildPhase;
			buildActionMask = 2147483647;
			files = (
				FECCC6C32B03501B0010769E /* Preview Assets.xcassets in Resources */,
				FECCC6C02B03501B0010769E /* Assets.xcassets in Resources */,
				FEAD60152B03583100DE1E54 /* Localizable.xcstrings in Resources */,
			);
			runOnlyForDeploymentPostprocessing = 0;
		};
/* End PBXResourcesBuildPhase section */

/* Begin PBXSourcesBuildPhase section */
		FECCC6B42B03501B0010769E /* Sources */ = {
			isa = PBXSourcesBuildPhase;
			buildActionMask = 2147483647;
			files = (
				FEAD60182B035C0F00DE1E54 /* PersonView.swift in Sources */,
				FEAD600E2B03547800DE1E54 /* Person.swift in Sources */,
				FEAD60222B03606300DE1E54 /* View+Ext.swift in Sources */,
				FEAD60252B036BD900DE1E54 /* MainView.swift in Sources */,
				FEAD601D2B035FA000DE1E54 /* AvatarImageShapeKey.swift in Sources */,
				FEAD601A2B035F5A00DE1E54 /* AvatarImageShape.swift in Sources */,
				FECCC6BE2B03501B0010769E /* PersonListView.swift in Sources */,
				FEAD60132B03577100DE1E54 /* ScreenTitles.swift in Sources */,
				FECCC6BC2B03501B0010769E /* SwiftUIReusableViewApp.swift in Sources */,
				FEAD60202B035FFD00DE1E54 /* EnvironmentValues+Ext.swift in Sources */,
			);
			runOnlyForDeploymentPostprocessing = 0;
		};
/* End PBXSourcesBuildPhase section */

/* Begin XCBuildConfiguration section */
		FECCC6C42B03501B0010769E /* Debug */ = {
			isa = XCBuildConfiguration;
			buildSettings = {
				ALWAYS_SEARCH_USER_PATHS = NO;
				ASSETCATALOG_COMPILER_GENERATE_SWIFT_ASSET_SYMBOL_EXTENSIONS = YES;
				CLANG_ANALYZER_NONNULL = YES;
				CLANG_ANALYZER_NUMBER_OBJECT_CONVERSION = YES_AGGRESSIVE;
				CLANG_CXX_LANGUAGE_STANDARD = "gnu++20";
				CLANG_ENABLE_MODULES = YES;
				CLANG_ENABLE_OBJC_ARC = YES;
				CLANG_ENABLE_OBJC_WEAK = YES;
				CLANG_WARN_BLOCK_CAPTURE_AUTORELEASING = YES;
				CLANG_WARN_BOOL_CONVERSION = YES;
				CLANG_WARN_COMMA = YES;
				CLANG_WARN_CONSTANT_CONVERSION = YES;
				CLANG_WARN_DEPRECATED_OBJC_IMPLEMENTATIONS = YES;
				CLANG_WARN_DIRECT_OBJC_ISA_USAGE = YES_ERROR;
				CLANG_WARN_DOCUMENTATION_COMMENTS = YES;
				CLANG_WARN_EMPTY_BODY = YES;
				CLANG_WARN_ENUM_CONVERSION = YES;
				CLANG_WARN_INFINITE_RECURSION = YES;
				CLANG_WARN_INT_CONVERSION = YES;
				CLANG_WARN_NON_LITERAL_NULL_CONVERSION = YES;
				CLANG_WARN_OBJC_IMPLICIT_RETAIN_SELF = YES;
				CLANG_WARN_OBJC_LITERAL_CONVERSION = YES;
				CLANG_WARN_OBJC_ROOT_CLASS = YES_ERROR;
				CLANG_WARN_QUOTED_INCLUDE_IN_FRAMEWORK_HEADER = YES;
				CLANG_WARN_RANGE_LOOP_ANALYSIS = YES;
				CLANG_WARN_STRICT_PROTOTYPES = YES;
				CLANG_WARN_SUSPICIOUS_MOVE = YES;
				CLANG_WARN_UNGUARDED_AVAILABILITY = YES_AGGRESSIVE;
				CLANG_WARN_UNREACHABLE_CODE = YES;
				CLANG_WARN__DUPLICATE_METHOD_MATCH = YES;
				COPY_PHASE_STRIP = NO;
				DEBUG_INFORMATION_FORMAT = dwarf;
				ENABLE_STRICT_OBJC_MSGSEND = YES;
				ENABLE_TESTABILITY = YES;
				ENABLE_USER_SCRIPT_SANDBOXING = YES;
				GCC_C_LANGUAGE_STANDARD = gnu17;
				GCC_DYNAMIC_NO_PIC = NO;
				GCC_NO_COMMON_BLOCKS = YES;
				GCC_OPTIMIZATION_LEVEL = 0;
				GCC_PREPROCESSOR_DEFINITIONS = (
					"DEBUG=1",
					"$(inherited)",
				);
				GCC_WARN_64_TO_32_BIT_CONVERSION = YES;
				GCC_WARN_ABOUT_RETURN_TYPE = YES_ERROR;
				GCC_WARN_UNDECLARED_SELECTOR = YES;
				GCC_WARN_UNINITIALIZED_AUTOS = YES_AGGRESSIVE;
				GCC_WARN_UNUSED_FUNCTION = YES;
				GCC_WARN_UNUSED_VARIABLE = YES;
				IPHONEOS_DEPLOYMENT_TARGET = 17.0;
				LOCALIZATION_PREFERS_STRING_CATALOGS = YES;
				MTL_ENABLE_DEBUG_INFO = INCLUDE_SOURCE;
				MTL_FAST_MATH = YES;
				ONLY_ACTIVE_ARCH = YES;
				SDKROOT = iphoneos;
				SWIFT_ACTIVE_COMPILATION_CONDITIONS = "DEBUG $(inherited)";
				SWIFT_OPTIMIZATION_LEVEL = "-Onone";
			};
			name = Debug;
		};
		FECCC6C52B03501B0010769E /* Release */ = {
			isa = XCBuildConfiguration;
			buildSettings = {
				ALWAYS_SEARCH_USER_PATHS = NO;
				ASSETCATALOG_COMPILER_GENERATE_SWIFT_ASSET_SYMBOL_EXTENSIONS = YES;
				CLANG_ANALYZER_NONNULL = YES;
				CLANG_ANALYZER_NUMBER_OBJECT_CONVERSION = YES_AGGRESSIVE;
				CLANG_CXX_LANGUAGE_STANDARD = "gnu++20";
				CLANG_ENABLE_MODULES = YES;
				CLANG_ENABLE_OBJC_ARC = YES;
				CLANG_ENABLE_OBJC_WEAK = YES;
				CLANG_WARN_BLOCK_CAPTURE_AUTORELEASING = YES;
				CLANG_WARN_BOOL_CONVERSION = YES;
				CLANG_WARN_COMMA = YES;
				CLANG_WARN_CONSTANT_CONVERSION = YES;
				CLANG_WARN_DEPRECATED_OBJC_IMPLEMENTATIONS = YES;
				CLANG_WARN_DIRECT_OBJC_ISA_USAGE = YES_ERROR;
				CLANG_WARN_DOCUMENTATION_COMMENTS = YES;
				CLANG_WARN_EMPTY_BODY = YES;
				CLANG_WARN_ENUM_CONVERSION = YES;
				CLANG_WARN_INFINITE_RECURSION = YES;
				CLANG_WARN_INT_CONVERSION = YES;
				CLANG_WARN_NON_LITERAL_NULL_CONVERSION = YES;
				CLANG_WARN_OBJC_IMPLICIT_RETAIN_SELF = YES;
				CLANG_WARN_OBJC_LITERAL_CONVERSION = YES;
				CLANG_WARN_OBJC_ROOT_CLASS = YES_ERROR;
				CLANG_WARN_QUOTED_INCLUDE_IN_FRAMEWORK_HEADER = YES;
				CLANG_WARN_RANGE_LOOP_ANALYSIS = YES;
				CLANG_WARN_STRICT_PROTOTYPES = YES;
				CLANG_WARN_SUSPICIOUS_MOVE = YES;
				CLANG_WARN_UNGUARDED_AVAILABILITY = YES_AGGRESSIVE;
				CLANG_WARN_UNREACHABLE_CODE = YES;
				CLANG_WARN__DUPLICATE_METHOD_MATCH = YES;
				COPY_PHASE_STRIP = NO;
				DEBUG_INFORMATION_FORMAT = "dwarf-with-dsym";
				ENABLE_NS_ASSERTIONS = NO;
				ENABLE_STRICT_OBJC_MSGSEND = YES;
				ENABLE_USER_SCRIPT_SANDBOXING = YES;
				GCC_C_LANGUAGE_STANDARD = gnu17;
				GCC_NO_COMMON_BLOCKS = YES;
				GCC_WARN_64_TO_32_BIT_CONVERSION = YES;
				GCC_WARN_ABOUT_RETURN_TYPE = YES_ERROR;
				GCC_WARN_UNDECLARED_SELECTOR = YES;
				GCC_WARN_UNINITIALIZED_AUTOS = YES_AGGRESSIVE;
				GCC_WARN_UNUSED_FUNCTION = YES;
				GCC_WARN_UNUSED_VARIABLE = YES;
				IPHONEOS_DEPLOYMENT_TARGET = 17.0;
				LOCALIZATION_PREFERS_STRING_CATALOGS = YES;
				MTL_ENABLE_DEBUG_INFO = NO;
				MTL_FAST_MATH = YES;
				SDKROOT = iphoneos;
				SWIFT_COMPILATION_MODE = wholemodule;
				VALIDATE_PRODUCT = YES;
			};
			name = Release;
		};
		FECCC6C72B03501B0010769E /* Debug */ = {
			isa = XCBuildConfiguration;
			buildSettings = {
				ASSETCATALOG_COMPILER_APPICON_NAME = AppIcon;
				ASSETCATALOG_COMPILER_GLOBAL_ACCENT_COLOR_NAME = AccentColor;
				CODE_SIGN_STYLE = Automatic;
				CURRENT_PROJECT_VERSION = 1;
				DEVELOPMENT_ASSET_PATHS = "\"SwiftUIReusableView/Preview Content\"";
				DEVELOPMENT_TEAM = Q3N89R8Y92;
				ENABLE_PREVIEWS = YES;
				GENERATE_INFOPLIST_FILE = YES;
				INFOPLIST_KEY_UIApplicationSceneManifest_Generation = YES;
				INFOPLIST_KEY_UIApplicationSupportsIndirectInputEvents = YES;
				INFOPLIST_KEY_UILaunchScreen_Generation = YES;
				INFOPLIST_KEY_UISupportedInterfaceOrientations_iPad = "UIInterfaceOrientationPortrait UIInterfaceOrientationPortraitUpsideDown UIInterfaceOrientationLandscapeLeft UIInterfaceOrientationLandscapeRight";
				INFOPLIST_KEY_UISupportedInterfaceOrientations_iPhone = "UIInterfaceOrientationPortrait UIInterfaceOrientationLandscapeLeft UIInterfaceOrientationLandscapeRight";
				LD_RUNPATH_SEARCH_PATHS = (
					"$(inherited)",
					"@executable_path/Frameworks",
				);
				MARKETING_VERSION = 1.0;
				PRODUCT_BUNDLE_IDENTIFIER = haunt.SwiftUIReusableView;
				PRODUCT_NAME = "$(TARGET_NAME)";
				SWIFT_EMIT_LOC_STRINGS = YES;
				SWIFT_VERSION = 5.0;
				TARGETED_DEVICE_FAMILY = "1,2";
			};
			name = Debug;
		};
		FECCC6C82B03501B0010769E /* Release */ = {
			isa = XCBuildConfiguration;
			buildSettings = {
				ASSETCATALOG_COMPILER_APPICON_NAME = AppIcon;
				ASSETCATALOG_COMPILER_GLOBAL_ACCENT_COLOR_NAME = AccentColor;
				CODE_SIGN_STYLE = Automatic;
				CURRENT_PROJECT_VERSION = 1;
				DEVELOPMENT_ASSET_PATHS = "\"SwiftUIReusableView/Preview Content\"";
				DEVELOPMENT_TEAM = Q3N89R8Y92;
				ENABLE_PREVIEWS = YES;
				GENERATE_INFOPLIST_FILE = YES;
				INFOPLIST_KEY_UIApplicationSceneManifest_Generation = YES;
				INFOPLIST_KEY_UIApplicationSupportsIndirectInputEvents = YES;
				INFOPLIST_KEY_UILaunchScreen_Generation = YES;
				INFOPLIST_KEY_UISupportedInterfaceOrientations_iPad = "UIInterfaceOrientationPortrait UIInterfaceOrientationPortraitUpsideDown UIInterfaceOrientationLandscapeLeft UIInterfaceOrientationLandscapeRight";
				INFOPLIST_KEY_UISupportedInterfaceOrientations_iPhone = "UIInterfaceOrientationPortrait UIInterfaceOrientationLandscapeLeft UIInterfaceOrientationLandscapeRight";
				LD_RUNPATH_SEARCH_PATHS = (
					"$(inherited)",
					"@executable_path/Frameworks",
				);
				MARKETING_VERSION = 1.0;
				PRODUCT_BUNDLE_IDENTIFIER = haunt.SwiftUIReusableView;
				PRODUCT_NAME = "$(TARGET_NAME)";
				SWIFT_EMIT_LOC_STRINGS = YES;
				SWIFT_VERSION = 5.0;
				TARGETED_DEVICE_FAMILY = "1,2";
			};
			name = Release;
		};
/* End XCBuildConfiguration section */

/* Begin XCConfigurationList section */
		FECCC6B32B03501A0010769E /* Build configuration list for PBXProject "SwiftUIReusableView" */ = {
			isa = XCConfigurationList;
			buildConfigurations = (
				FECCC6C42B03501B0010769E /* Debug */,
				FECCC6C52B03501B0010769E /* Release */,
			);
			defaultConfigurationIsVisible = 0;
			defaultConfigurationName = Release;
		};
		FECCC6C62B03501B0010769E /* Build configuration list for PBXNativeTarget "SwiftUIReusableView" */ = {
			isa = XCConfigurationList;
			buildConfigurations = (
				FECCC6C72B03501B0010769E /* Debug */,
				FECCC6C82B03501B0010769E /* Release */,
			);
			defaultConfigurationIsVisible = 0;
			defaultConfigurationName = Release;
		};
/* End XCConfigurationList section */
	};
	rootObject = FECCC6B02B03501A0010769E /* Project object */;
}
